# This is a Gradle generated file for dependency locking.
# Manual edits can break the build and are not advised.
# This file is expected to be part of source control.
ch.qos.logback:logback-classic:1.5.34=compileClasspath,jmhCompileClasspath,jmhRuntimeClasspath,productionRuntimeClasspath,runtimeClasspath,testCompileClasspath,testRuntimeClasspath
ch.qos.logback:logback-core:1.5.34=compileClasspath,jmhCompileClasspath,jmhRuntimeClasspath,productionRuntimeClasspath,runtimeClasspath,testCompileClasspath,testRuntimeClasspath
com.clickhouse:clickhouse-client:0.7.2=compileClasspath,jmhCompileClasspath,jmhRuntimeClasspath,productionRuntimeClasspath,runtimeClasspath,testCompileClasspath,testRuntimeClasspath
com.clickhouse:clickhouse-data:0.7.2=compileClasspath,jmhCompileClasspath,jmhRuntimeClasspath,productionRuntimeClasspath,runtimeClasspath,testCompileClasspath,testRuntimeClasspath
com.clickhouse:clickhouse-http-client:0.7.2=compileClasspath,jmhCompileClasspath,jmhRuntimeClasspath,productionRuntimeClasspath,runtimeClasspath,testCompileClasspath,testRuntimeClasspath
com.clickhouse:clickhouse-jdbc:0.7.2=compileClasspath,jmhCompileClasspath,jmhRuntimeClasspath,productionRuntimeClasspath,runtimeClasspath,testCompileClasspath,testRuntimeClasspath
com.clickhouse:client-v2:0.7.2=compileClasspath,jmhCompileClasspath,jmhRuntimeClasspath,productionRuntimeClasspath,runtimeClasspath,testCompileClasspath,testRuntimeClasspath
com.clickhouse:jdbc-v2:0.7.2=compileClasspath,jmhCompileClasspath,jmhRuntimeClasspath,productionRuntimeClasspath,runtimeClasspath,testCompileClasspath,testRuntimeClasspath
com.fasterxml.jackson.core:jackson-annotations:2.21=compileClasspath,jmhCompileClasspath,jmhRuntimeClasspath,productionRuntimeClasspath,runtimeClasspath,testCompileClasspath,testRuntimeClasspath
com.fasterxml.jackson.core:jackson-core:2.21.4=compileClasspath,jmhCompileClasspath,jmhRuntimeClasspath,productionRuntimeClasspath,runtimeClasspath,testCompileClasspath,testRuntimeClasspath
com.fasterxml.jackson.core:jackson-databind:2.21.4=compileClasspath,jmhCompileClasspath,jmhRuntimeClasspath,productionRuntimeClasspath,runtimeClasspath,testCompileClasspath,testRuntimeClasspath
com.fasterxml.jackson.dataformat:jackson-dataformat-toml:2.21.4=compileClasspath,jmhCompileClasspath,jmhRuntimeClasspath,productionRuntimeClasspath,runtimeClasspath,testCompileClasspath,testRuntimeClasspath
com.fasterxml.jackson.dataformat:jackson-dataformat-yaml:2.21.4=compileClasspath,jmhCompileClasspath,jmhRuntimeClasspath,productionRuntimeClasspath,runtimeClasspath,testCompileClasspath,testRuntimeClasspath
com.fasterxml.jackson.datatype:jackson-datatype-jdk8:2.21.4=compileClasspath,jmhCompileClasspath,jmhRuntimeClasspath,productionRuntimeClasspath,runtimeClasspath,testCompileClasspath,testRuntimeClasspath
com.fasterxml.jackson.datatype:jackson-datatype-jsr310:2.21.4=compileClasspath,jmhCompileClasspath,jmhRuntimeClasspath,productionRuntimeClasspath,runtimeClasspath,testCompileClasspath,testRuntimeClasspath
com.fasterxml.jackson.module:jackson-module-parameter-names:2.21.4=compileClasspath,jmhCompileClasspath,jmhRuntimeClasspath,productionRuntimeClasspath,runtimeClasspath,testCompileClasspath,testRuntimeClasspath
com.fasterxml.jackson:jackson-bom:2.21.4=compileClasspath,jmhCompileClasspath,jmhRuntimeClasspath,productionRuntimeClasspath,runtimeClasspath,testCompileClasspath,testRuntimeClasspath
com.fasterxml:classmate:1.7.3=compileClasspath,jmhCompileClasspath,jmhRuntimeClasspath,productionRuntimeClasspath,runtimeClasspath,testCompileClasspath,testRuntimeClasspath
com.github.ben-manes.caffeine:caffeine:3.1.8=compileClasspath,jmhCompileClasspath,jmhRuntimeClasspath,productionRuntimeClasspath,runtimeClasspath,testCompileClasspath,testRuntimeClasspath
com.github.ben-manes.caffeine:caffeine:3.2.4=annotationProcessor,jmhAnnotationProcessor,testAnnotationProcessor
com.github.docker-java:docker-java-api:3.4.2=testCompileClasspath,testRuntimeClasspath
com.github.docker-java:docker-java-transport-zerodep:3.4.2=testCompileClasspath,testRuntimeClasspath
com.github.docker-java:docker-java-transport:3.4.2=testCompileClasspath,testRuntimeClasspath
com.github.kevinstern:software-and-algorithms:1.0=annotationProcessor,jmhAnnotationProcessor,testAnnotationProcessor
com.github.spotbugs:spotbugs-annotations:4.8.6=spotbugs
com.github.spotbugs:spotbugs:4.8.6=spotbugs
com.github.stephenc.jcip:jcip-annotations:1.0-1=spotbugs
com.google.auto.service:auto-service-annotations:1.0.1=annotationProcessor,jmhAnnotationProcessor,testAnnotationProcessor
com.google.auto.value:auto-value-annotations:1.9=annotationProcessor,jmhAnnotationProcessor,testAnnotationProcessor
com.google.auto:auto-common:1.2.2=annotationProcessor,jmhAnnotationProcessor,testAnnotationProcessor
com.google.code.findbugs:jsr305:3.0.2=annotationProcessor,compileClasspath,jmhAnnotationProcessor,jmhCompileClasspath,jmhRuntimeClasspath,productionRuntimeClasspath,runtimeClasspath,spotbugs,testAnnotationProcessor,testCompileClasspath,testRuntimeClasspath
com.google.code.gson:gson:2.13.2=spotbugs
com.google.errorprone:error_prone_annotation:2.36.0=annotationProcessor,jmhAnnotationProcessor,testAnnotationProcessor
com.google.errorprone:error_prone_annotations:2.36.0=compileClasspath,jmhCompileClasspath,jmhRuntimeClasspath,productionRuntimeClasspath,runtimeClasspath,testCompileClasspath,testRuntimeClasspath
com.google.errorprone:error_prone_annotations:2.41.0=spotbugs
com.google.errorprone:error_prone_annotations:2.49.0=annotationProcessor,jmhAnnotationProcessor,testAnnotationProcessor
com.google.errorprone:error_prone_check_api:2.36.0=annotationProcessor,jmhAnnotationProcessor,testAnnotationProcessor
com.google.errorprone:error_prone_core:2.36.0=annotationProcessor,jmhAnnotationProcessor,testAnnotationProcessor
com.google.errorprone:error_prone_type_annotations:2.36.0=annotationProcessor,jmhAnnotationProcessor,testAnnotationProcessor
com.google.errorprone:javac:9+181-r4173-1=errorproneJavac
com.google.googlejavaformat:google-java-format:1.19.1=annotationProcessor,jmhAnnotationProcessor,testAnnotationProcessor
com.google.guava:failureaccess:1.0.1=annotationProcessor,jmhAnnotationProcessor,testAnnotationProcessor
com.google.guava:failureaccess:1.0.2=compileClasspath,jmhCompileClasspath,jmhRuntimeClasspath,productionRuntimeClasspath,runtimeClasspath,testCompileClasspath,testRuntimeClasspath
com.google.guava:guava:32.1.3-jre=annotationProcessor,jmhAnnotationProcessor,testAnnotationProcessor
com.google.guava:guava:33.4.0-jre=compileClasspath,jmhCompileClasspath,jmhRuntimeClasspath,productionRuntimeClasspath,runtimeClasspath,testCompileClasspath,testRuntimeClasspath
com.google.guava:listenablefuture:9999.0-empty-to-avoid-conflict-with-guava=annotationProcessor,compileClasspath,jmhAnnotationProcessor,jmhCompileClasspath,jmhRuntimeClasspath,productionRuntimeClasspath,runtimeClasspath,testAnnotationProcessor,testCompileClasspath,testRuntimeClasspath
com.google.j2objc:j2objc-annotations:3.0.0=compileClasspath,jmhCompileClasspath,jmhRuntimeClasspath,productionRuntimeClasspath,runtimeClasspath,testCompileClasspath,testRuntimeClasspath
com.google.protobuf:protobuf-java:3.25.5=annotationProcessor,jmhAnnotationProcessor,testAnnotationProcessor
com.jayway.jsonpath:json-path:2.9.0=testCompileClasspath,testRuntimeClasspath
com.microsoft.onnxruntime:onnxruntime:1.20.0=compileClasspath,jmhCompileClasspath,jmhRuntimeClasspath,productionRuntimeClasspath,runtimeClasspath,testCompileClasspath,testRuntimeClasspath
com.vaadin.external.google:android-json:0.0.20131108.vaadin1=testCompileClasspath,testRuntimeClasspath
com.zaxxer:HikariCP:6.3.3=compileClasspath,jmhCompileClasspath,jmhRuntimeClasspath,productionRuntimeClasspath,runtimeClasspath,testCompileClasspath,testRuntimeClasspath
commons-codec:commons-codec:1.18.0=compileClasspath,jmhCompileClasspath,jmhRuntimeClasspath,productionRuntimeClasspath,runtimeClasspath,testCompileClasspath,testRuntimeClasspath
commons-io:commons-io:2.16.1=compileClasspath,jmhCompileClasspath,jmhRuntimeClasspath,productionRuntimeClasspath,runtimeClasspath,testCompileClasspath,testRuntimeClasspath
commons-logging:commons-logging:1.2=compileClasspath,jmhCompileClasspath,jmhRuntimeClasspath,productionRuntimeClasspath,runtimeClasspath,testCompileClasspath,testRuntimeClasspath
io.github.eisop:dataflow-errorprone:3.41.0-eisop1=annotationProcessor,jmhAnnotationProcessor,testAnnotationProcessor
io.github.java-diff-utils:java-diff-utils:4.12=annotationProcessor,jmhAnnotationProcessor,testAnnotationProcessor
io.micrometer:micrometer-commons:1.15.12=compileClasspath,jmhCompileClasspath,jmhRuntimeClasspath,productionRuntimeClasspath,runtimeClasspath,testCompileClasspath,testRuntimeClasspath
io.micrometer:micrometer-core:1.15.12=compileClasspath,jmhCompileClasspath,jmhRuntimeClasspath,productionRuntimeClasspath,runtimeClasspath,testCompileClasspath,testRuntimeClasspath
io.micrometer:micrometer-jakarta9:1.15.12=compileClasspath,jmhCompileClasspath,jmhRuntimeClasspath,productionRuntimeClasspath,runtimeClasspath,testCompileClasspath,testRuntimeClasspath
io.micrometer:micrometer-observation:1.15.12=compileClasspath,jmhCompileClasspath,jmhRuntimeClasspath,productionRuntimeClasspath,runtimeClasspath,testCompileClasspath,testRuntimeClasspath
io.micrometer:micrometer-registry-prometheus:1.15.12=jmhRuntimeClasspath,productionRuntimeClasspath,runtimeClasspath,testRuntimeClasspath
io.netty:netty-buffer:4.1.135.Final=jmhRuntimeClasspath,productionRuntimeClasspath,runtimeClasspath,testRuntimeClasspath
io.netty:netty-codec-http2:4.1.135.Final=jmhRuntimeClasspath,productionRuntimeClasspath,runtimeClasspath,testRuntimeClasspath
io.netty:netty-codec-http:4.1.135.Final=jmhRuntimeClasspath,productionRuntimeClasspath,runtimeClasspath,testRuntimeClasspath
io.netty:netty-codec:4.1.135.Final=jmhRuntimeClasspath,productionRuntimeClasspath,runtimeClasspath,testRuntimeClasspath
io.netty:netty-common:4.1.135.Final=jmhRuntimeClasspath,productionRuntimeClasspath,runtimeClasspath,testRuntimeClasspath
io.netty:netty-handler:4.1.135.Final=jmhRuntimeClasspath,productionRuntimeClasspath,runtimeClasspath,testRuntimeClasspath
io.netty:netty-resolver:4.1.135.Final=jmhRuntimeClasspath,productionRuntimeClasspath,runtimeClasspath,testRuntimeClasspath
io.netty:netty-transport-classes-epoll:4.1.135.Final=jmhRuntimeClasspath,productionRuntimeClasspath,runtimeClasspath,testRuntimeClasspath
io.netty:netty-transport-native-unix-common:4.1.135.Final=jmhRuntimeClasspath,productionRuntimeClasspath,runtimeClasspath,testRuntimeClasspath
io.netty:netty-transport:4.1.135.Final=jmhRuntimeClasspath,productionRuntimeClasspath,runtimeClasspath,testRuntimeClasspath
io.prometheus:prometheus-metrics-config:1.3.10=jmhRuntimeClasspath,productionRuntimeClasspath,runtimeClasspath,testRuntimeClasspath
io.prometheus:prometheus-metrics-core:1.3.10=jmhRuntimeClasspath,productionRuntimeClasspath,runtimeClasspath,testRuntimeClasspath
io.prometheus:prometheus-metrics-exposition-formats:1.3.10=jmhRuntimeClasspath,productionRuntimeClasspath,runtimeClasspath,testRuntimeClasspath
io.prometheus:prometheus-metrics-exposition-textformats:1.3.10=jmhRuntimeClasspath,productionRuntimeClasspath,runtimeClasspath,testRuntimeClasspath
io.prometheus:prometheus-metrics-model:1.3.10=jmhRuntimeClasspath,productionRuntimeClasspath,runtimeClasspath,testRuntimeClasspath
io.prometheus:prometheus-metrics-tracer-common:1.3.10=jmhRuntimeClasspath,productionRuntimeClasspath,runtimeClasspath,testRuntimeClasspath
io.sentry:sentry-bom:7.18.0=compileClasspath,jmhCompileClasspath,jmhRuntimeClasspath,productionRuntimeClasspath,runtimeClasspath,testCompileClasspath,testRuntimeClasspath
io.sentry:sentry-logback:7.18.0=compileClasspath,jmhCompileClasspath,jmhRuntimeClasspath,productionRuntimeClasspath,runtimeClasspath,testCompileClasspath,testRuntimeClasspath
io.sentry:sentry-spring-boot-jakarta:7.18.0=compileClasspath,jmhCompileClasspath,jmhRuntimeClasspath,productionRuntimeClasspath,runtimeClasspath,testCompileClasspath,testRuntimeClasspath
io.sentry:sentry-spring-boot-starter-jakarta:7.18.0=compileClasspath,jmhCompileClasspath,jmhRuntimeClasspath,productionRuntimeClasspath,runtimeClasspath,testCompileClasspath,testRuntimeClasspath
io.sentry:sentry-spring-jakarta:7.18.0=compileClasspath,jmhCompileClasspath,jmhRuntimeClasspath,productionRuntimeClasspath,runtimeClasspath,testCompileClasspath,testRuntimeClasspath
io.sentry:sentry:7.18.0=compileClasspath,jmhCompileClasspath,jmhRuntimeClasspath,productionRuntimeClasspath,runtimeClasspath,testCompileClasspath,testRuntimeClasspath
io.swagger.core.v3:swagger-annotations-jakarta:2.2.28=compileClasspath,jmhCompileClasspath,jmhRuntimeClasspath,productionRuntimeClasspath,runtimeClasspath,testCompileClasspath,testRuntimeClasspath
io.swagger.core.v3:swagger-core-jakarta:2.2.28=compileClasspath,jmhCompileClasspath,jmhRuntimeClasspath,productionRuntimeClasspath,runtimeClasspath,testCompileClasspath,testRuntimeClasspath
io.swagger.core.v3:swagger-models-jakarta:2.2.28=compileClasspath,jmhCompileClasspath,jmhRuntimeClasspath,productionRuntimeClasspath,runtimeClasspath,testCompileClasspath,testRuntimeClasspath
jakarta.activation:jakarta.activation-api:2.1.4=compileClasspath,jmhCompileClasspath,jmhRuntimeClasspath,productionRuntimeClasspath,runtimeClasspath,testCompileClasspath,testRuntimeClasspath
jakarta.annotation:jakarta.annotation-api:2.1.1=compileClasspath,jmhCompileClasspath,jmhRuntimeClasspath,productionRuntimeClasspath,runtimeClasspath,testCompileClasspath,testRuntimeClasspath
jakarta.validation:jakarta.validation-api:3.0.2=compileClasspath,jmhCompileClasspath,jmhRuntimeClasspath,productionRuntimeClasspath,runtimeClasspath,testCompileClasspath,testRuntimeClasspath
jakarta.xml.bind:jakarta.xml.bind-api:4.0.5=compileClasspath,jmhCompileClasspath,jmhRuntimeClasspath,productionRuntimeClasspath,runtimeClasspath,testCompileClasspath,testRuntimeClasspath
javax.inject:javax.inject:1=annotationProcessor,jmhAnnotationProcessor,testAnnotationProcessor
jaxen:jaxen:2.0.6=spotbugs
junit:junit:4.13.2=testCompileClasspath,testRuntimeClasspath
net.bytebuddy:byte-buddy-agent:1.17.8=testCompileClasspath,testRuntimeClasspath
net.bytebuddy:byte-buddy:1.17.8=testCompileClasspath,testRuntimeClasspath
net.java.dev.jna:jna:5.13.0=testCompileClasspath,testRuntimeClasspath
net.logstash.logback:logstash-logback-encoder:8.0=compileClasspath,jmhCompileClasspath,jmhRuntimeClasspath,productionRuntimeClasspath,runtimeClasspath,testCompileClasspath,testRuntimeClasspath
net.minidev:accessors-smart:2.5.2=testCompileClasspath,testRuntimeClasspath
net.minidev:json-smart:2.5.2=testCompileClasspath,testRuntimeClasspath
net.sf.jopt-simple:jopt-simple:5.0.4=jmh,jmhCompileClasspath,jmhRuntimeClasspath
net.sf.saxon:Saxon-HE:12.4=spotbugs
org.apache.bcel:bcel:6.9.0=spotbugs
org.apache.commons:commons-compress:1.27.1=compileClasspath,jmhCompileClasspath,jmhRuntimeClasspath,productionRuntimeClasspath,runtimeClasspath,testCompileClasspath,testRuntimeClasspath
org.apache.commons:commons-lang3:3.17.0=compileClasspath,jmhCompileClasspath,jmhRuntimeClasspath,productionRuntimeClasspath,runtimeClasspath,spotbugs,testCompileClasspath,testRuntimeClasspath
org.apache.commons:commons-math3:3.2=jmh,jmhCompileClasspath,jmhRuntimeClasspath
org.apache.commons:commons-text:1.10.0=spotbugs
org.apache.httpcomponents.client5:httpclient5:5.4.3=compileClasspath,jmhCompileClasspath,jmhRuntimeClasspath,productionRuntimeClasspath,runtimeClasspath,testCompileClasspath,testRuntimeClasspath
org.apache.httpcomponents.client5:httpclient5:5.5.2=spotbugs
org.apache.httpcomponents.core5:httpcore5-h2:5.3.6=compileClasspath,jmhCompileClasspath,jmhRuntimeClasspath,productionRuntimeClasspath,runtimeClasspath,spotbugs,testCompileClasspath,testRuntimeClasspath
org.apache.httpcomponents.core5:httpcore5:5.3.6=compileClasspath,jmhCompileClasspath,jmhRuntimeClasspath,productionRuntimeClasspath,runtimeClasspath,spotbugs,testCompileClasspath,testRuntimeClasspath
org.apache.httpcomponents:httpclient:4.5.13=compileClasspath,jmhCompileClasspath,jmhRuntimeClasspath,productionRuntimeClasspath,runtimeClasspath,testCompileClasspath,testRuntimeClasspath
org.apache.httpcomponents:httpcore:4.4.16=compileClasspath,jmhCompileClasspath,jmhRuntimeClasspath,productionRuntimeClasspath,runtimeClasspath,testCompileClasspath,testRuntimeClasspath
org.apache.logging.log4j:log4j-api:2.24.3=compileClasspath,jmhCompileClasspath,jmhRuntimeClasspath,productionRuntimeClasspath,runtimeClasspath,spotbugs,testCompileClasspath,testRuntimeClasspath
org.apache.logging.log4j:log4j-core:2.24.3=spotbugs
org.apache.logging.log4j:log4j-to-slf4j:2.24.3=compileClasspath,jmhCompileClasspath,jmhRuntimeClasspath,productionRuntimeClasspath,runtimeClasspath,testCompileClasspath,testRuntimeClasspath
org.apache.tomcat.embed:tomcat-embed-core:10.1.55=compileClasspath,jmhCompileClasspath,jmhRuntimeClasspath,productionRuntimeClasspath,runtimeClasspath,testCompileClasspath,testRuntimeClasspath
org.apache.tomcat.embed:tomcat-embed-el:10.1.55=compileClasspath,jmhCompileClasspath,jmhRuntimeClasspath,productionRuntimeClasspath,runtimeClasspath,testCompileClasspath,testRuntimeClasspath
org.apache.tomcat.embed:tomcat-embed-websocket:10.1.55=compileClasspath,jmhCompileClasspath,jmhRuntimeClasspath,productionRuntimeClasspath,runtimeClasspath,testCompileClasspath,testRuntimeClasspath
org.apiguardian:apiguardian-api:1.1.2=testCompileClasspath
org.assertj:assertj-core:3.27.7=testCompileClasspath,testRuntimeClasspath
org.awaitility:awaitility:4.2.2=testCompileClasspath,testRuntimeClasspath
org.checkerframework:checker-qual:3.37.0=annotationProcessor,jmhAnnotationProcessor,testAnnotationProcessor
org.checkerframework:checker-qual:3.43.0=compileClasspath,jmhCompileClasspath,jmhRuntimeClasspath,productionRuntimeClasspath,runtimeClasspath,testCompileClasspath,testRuntimeClasspath
org.dom4j:dom4j:2.1.4=spotbugs
org.ejml:ejml-cdense:0.43.1=compileClasspath,jmhCompileClasspath,jmhRuntimeClasspath,productionRuntimeClasspath,runtimeClasspath,testCompileClasspath,testRuntimeClasspath
org.ejml:ejml-core:0.43.1=compileClasspath,jmhCompileClasspath,jmhRuntimeClasspath,productionRuntimeClasspath,runtimeClasspath,testCompileClasspath,testRuntimeClasspath
org.ejml:ejml-ddense:0.43.1=compileClasspath,jmhCompileClasspath,jmhRuntimeClasspath,productionRuntimeClasspath,runtimeClasspath,testCompileClasspath,testRuntimeClasspath
org.ejml:ejml-dsparse:0.43.1=compileClasspath,jmhCompileClasspath,jmhRuntimeClasspath,productionRuntimeClasspath,runtimeClasspath,testCompileClasspath,testRuntimeClasspath
org.ejml:ejml-fdense:0.43.1=compileClasspath,jmhCompileClasspath,jmhRuntimeClasspath,productionRuntimeClasspath,runtimeClasspath,testCompileClasspath,testRuntimeClasspath
org.ejml:ejml-fsparse:0.43.1=compileClasspath,jmhCompileClasspath,jmhRuntimeClasspath,productionRuntimeClasspath,runtimeClasspath,testCompileClasspath,testRuntimeClasspath
org.ejml:ejml-simple:0.43.1=compileClasspath,jmhCompileClasspath,jmhRuntimeClasspath,productionRuntimeClasspath,runtimeClasspath,testCompileClasspath,testRuntimeClasspath
org.ejml:ejml-zdense:0.43.1=compileClasspath,jmhCompileClasspath,jmhRuntimeClasspath,productionRuntimeClasspath,runtimeClasspath,testCompileClasspath,testRuntimeClasspath
org.flywaydb:flyway-core:11.3.2=compileClasspath,jmhCompileClasspath,jmhRuntimeClasspath,productionRuntimeClasspath,runtimeClasspath,testCompileClasspath,testRuntimeClasspath
org.hamcrest:hamcrest-core:3.0=testCompileClasspath,testRuntimeClasspath
org.hamcrest:hamcrest:3.0=testCompileClasspath,testRuntimeClasspath
org.hdrhistogram:HdrHistogram:2.2.2=jmhRuntimeClasspath,productionRuntimeClasspath,runtimeClasspath,testRuntimeClasspath
org.hibernate.validator:hibernate-validator:8.0.3.Final=compileClasspath,jmhCompileClasspath,jmhRuntimeClasspath,productionRuntimeClasspath,runtimeClasspath,testCompileClasspath,testRuntimeClasspath
org.jacoco:org.jacoco.agent:0.8.12=jacocoAgent,jacocoAnt
org.jacoco:org.jacoco.ant:0.8.12=jacocoAnt
org.jacoco:org.jacoco.core:0.8.12=jacocoAnt
org.jacoco:org.jacoco.report:0.8.12=jacocoAnt
org.jboss.logging:jboss-logging:3.6.3.Final=compileClasspath,jmhCompileClasspath,jmhRuntimeClasspath,productionRuntimeClasspath,runtimeClasspath,testCompileClasspath,testRuntimeClasspath
org.jetbrains:annotations:17.0.0=testCompileClasspath,testRuntimeClasspath
org.jspecify:jspecify:1.0.0=annotationProcessor,compileClasspath,jmhAnnotationProcessor,jmhCompileClasspath,jmhRuntimeClasspath,productionRuntimeClasspath,runtimeClasspath,testAnnotationProcessor,testCompileClasspath,testRuntimeClasspath
org.junit.jupiter:junit-jupiter-api:5.12.2=testCompileClasspath,testRuntimeClasspath
org.junit.jupiter:junit-jupiter-engine:5.12.2=testRuntimeClasspath
org.junit.jupiter:junit-jupiter-params:5.12.2=testCompileClasspath,testRuntimeClasspath
org.junit.jupiter:junit-jupiter:5.12.2=testCompileClasspath,testRuntimeClasspath
org.junit.platform:junit-platform-commons:1.12.2=testCompileClasspath,testRuntimeClasspath
org.junit.platform:junit-platform-engine:1.12.2=testRuntimeClasspath
org.junit.platform:junit-platform-launcher:1.12.2=testRuntimeClasspath
org.junit:junit-bom:5.12.2=testCompileClasspath,testRuntimeClasspath
org.latencyutils:LatencyUtils:2.0.3=jmhRuntimeClasspath,productionRuntimeClasspath,runtimeClasspath,testRuntimeClasspath
org.lz4:lz4-pure-java:1.8.0=compileClasspath,jmhCompileClasspath,jmhRuntimeClasspath,productionRuntimeClasspath,runtimeClasspath,testCompileClasspath,testRuntimeClasspath
org.mockito:mockito-core:5.17.0=testCompileClasspath,testRuntimeClasspath
org.mockito:mockito-junit-jupiter:5.17.0=testCompileClasspath,testRuntimeClasspath
org.objenesis:objenesis:3.3=testRuntimeClasspath
org.openjdk.jmh:jmh-core:1.36=jmh,jmhCompileClasspath,jmhRuntimeClasspath
org.openjdk.jmh:jmh-generator-asm:1.36=jmh,jmhCompileClasspath,jmhRuntimeClasspath
org.openjdk.jmh:jmh-generator-bytecode:1.36=jmh,jmhCompileClasspath,jmhRuntimeClasspath
org.openjdk.jmh:jmh-generator-reflection:1.36=jmh,jmhCompileClasspath,jmhRuntimeClasspath
org.opentest4j:opentest4j:1.3.0=testCompileClasspath,testRuntimeClasspath
org.ow2.asm:asm-analysis:9.7=spotbugs
org.ow2.asm:asm-commons:9.7=jacocoAnt,spotbugs
org.ow2.asm:asm-tree:9.7=jacocoAnt,spotbugs
org.ow2.asm:asm-util:9.7=spotbugs
org.ow2.asm:asm:9.0=jmh
org.ow2.asm:asm:9.5=compileClasspath,jmhCompileClasspath,jmhRuntimeClasspath,productionRuntimeClasspath,runtimeClasspath
org.ow2.asm:asm:9.7=jacocoAnt,spotbugs
org.ow2.asm:asm:9.7.1=testCompileClasspath,testRuntimeClasspath
org.pcollections:pcollections:4.0.1=annotationProcessor,jmhAnnotationProcessor,testAnnotationProcessor
org.reactivestreams:reactive-streams:1.0.4=compileClasspath,jmhCompileClasspath,jmhRuntimeClasspath,productionRuntimeClasspath,runtimeClasspath,testCompileClasspath,testRuntimeClasspath
org.rnorth.duct-tape:duct-tape:1.0.8=testCompileClasspath,testRuntimeClasspath
org.roaringbitmap:RoaringBitmap:0.9.47=compileClasspath,jmhCompileClasspath,jmhRuntimeClasspath,productionRuntimeClasspath,runtimeClasspath,testCompileClasspath,testRuntimeClasspath
org.roaringbitmap:shims:0.9.47=jmhRuntimeClasspath,productionRuntimeClasspath,runtimeClasspath,testRuntimeClasspath
org.skyscreamer:jsonassert:1.5.3=testCompileClasspath,testRuntimeClasspath
org.slf4j:jul-to-slf4j:2.0.18=compileClasspath,jmhCompileClasspath,jmhRuntimeClasspath,productionRuntimeClasspath,runtimeClasspath,testCompileClasspath,testRuntimeClasspath
org.slf4j:slf4j-api:2.0.18=compileClasspath,jmhCompileClasspath,jmhRuntimeClasspath,productionRuntimeClasspath,runtimeClasspath,spotbugs,spotbugsSlf4j,testCompileClasspath,testRuntimeClasspath
org.slf4j:slf4j-simple:2.0.0=spotbugsSlf4j
org.springdoc:springdoc-openapi-starter-common:2.8.4=compileClasspath,jmhCompileClasspath,jmhRuntimeClasspath,productionRuntimeClasspath,runtimeClasspath,testCompileClasspath,testRuntimeClasspath
org.springdoc:springdoc-openapi-starter-webmvc-api:2.8.4=compileClasspath,jmhCompileClasspath,jmhRuntimeClasspath,productionRuntimeClasspath,runtimeClasspath,testCompileClasspath,testRuntimeClasspath
org.springdoc:springdoc-openapi-starter-webmvc-ui:2.8.4=compileClasspath,jmhCompileClasspath,jmhRuntimeClasspath,productionRuntimeClasspath,runtimeClasspath,testCompileClasspath,testRuntimeClasspath
org.springframework.boot:spring-boot-actuator-autoconfigure:3.5.16=compileClasspath,jmhCompileClasspath,jmhRuntimeClasspath,productionRuntimeClasspath,runtimeClasspath,testCompileClasspath,testRuntimeClasspath
org.springframework.boot:spring-boot-actuator:3.5.16=compileClasspath,jmhCompileClasspath,jmhRuntimeClasspath,productionRuntimeClasspath,runtimeClasspath,testCompileClasspath,testRuntimeClasspath
org.springframework.boot:spring-boot-autoconfigure:3.5.16=compileClasspath,jmhCompileClasspath,jmhRuntimeClasspath,productionRuntimeClasspath,runtimeClasspath,testCompileClasspath,testRuntimeClasspath
org.springframework.boot:spring-boot-starter-actuator:3.5.16=compileClasspath,jmhCompileClasspath,jmhRuntimeClasspath,productionRuntimeClasspath,runtimeClasspath,testCompileClasspath,testRuntimeClasspath
org.springframework.boot:spring-boot-starter-cache:3.5.16=compileClasspath,jmhCompileClasspath,jmhRuntimeClasspath,productionRuntimeClasspath,runtimeClasspath,testCompileClasspath,testRuntimeClasspath
org.springframework.boot:spring-boot-starter-jdbc:3.5.16=compileClasspath,jmhCompileClasspath,jmhRuntimeClasspath,productionRuntimeClasspath,runtimeClasspath,testCompileClasspath,testRuntimeClasspath
org.springframework.boot:spring-boot-starter-json:3.5.16=compileClasspath,jmhCompileClasspath,jmhRuntimeClasspath,productionRuntimeClasspath,runtimeClasspath,testCompileClasspath,testRuntimeClasspath
org.springframework.boot:spring-boot-starter-logging:3.5.16=compileClasspath,jmhCompileClasspath,jmhRuntimeClasspath,productionRuntimeClasspath,runtimeClasspath,testCompileClasspath,testRuntimeClasspath
org.springframework.boot:spring-boot-starter-security:3.5.16=compileClasspath,jmhCompileClasspath,jmhRuntimeClasspath,productionRuntimeClasspath,runtimeClasspath,testCompileClasspath,testRuntimeClasspath
org.springframework.boot:spring-boot-starter-test:3.5.16=testCompileClasspath,testRuntimeClasspath
org.springframework.boot:spring-boot-starter-tomcat:3.5.16=compileClasspath,jmhCompileClasspath,jmhRuntimeClasspath,productionRuntimeClasspath,runtimeClasspath,testCompileClasspath,testRuntimeClasspath
org.springframework.boot:spring-boot-starter-validation:3.5.16=compileClasspath,jmhCompileClasspath,jmhRuntimeClasspath,productionRuntimeClasspath,runtimeClasspath,testCompileClasspath,testRuntimeClasspath
org.springframework.boot:spring-boot-starter-web:3.5.16=compileClasspath,jmhCompileClasspath,jmhRuntimeClasspath,productionRuntimeClasspath,runtimeClasspath,testCompileClasspath,testRuntimeClasspath
org.springframework.boot:spring-boot-starter:3.5.16=compileClasspath,jmhCompileClasspath,jmhRuntimeClasspath,productionRuntimeClasspath,runtimeClasspath,testCompileClasspath,testRuntimeClasspath
org.springframework.boot:spring-boot-test-autoconfigure:3.5.16=testCompileClasspath,testRuntimeClasspath
org.springframework.boot:spring-boot-test:3.5.16=testCompileClasspath,testRuntimeClasspath
org.springframework.boot:spring-boot:3.5.16=compileClasspath,jmhCompileClasspath,jmhRuntimeClasspath,productionRuntimeClasspath,runtimeClasspath,testCompileClasspath,testRuntimeClasspath
org.springframework.security:spring-security-config:6.5.11=compileClasspath,jmhCompileClasspath,jmhRuntimeClasspath,productionRuntimeClasspath,runtimeClasspath,testCompileClasspath,testRuntimeClasspath
org.springframework.security:spring-security-core:6.5.11=compileClasspath,jmhCompileClasspath,jmhRuntimeClasspath,productionRuntimeClasspath,runtimeClasspath,testCompileClasspath,testRuntimeClasspath
org.springframework.security:spring-security-crypto:6.5.11=compileClasspath,jmhCompileClasspath,jmhRuntimeClasspath,productionRuntimeClasspath,runtimeClasspath,testCompileClasspath,testRuntimeClasspath
org.springframework.security:spring-security-test:6.5.11=testCompileClasspath,testRuntimeClasspath
org.springframework.security:spring-security-web:6.5.11=compileClasspath,jmhCompileClasspath,jmhRuntimeClasspath,productionRuntimeClasspath,runtimeClasspath,testCompileClasspath,testRuntimeClasspath
org.springframework:spring-aop:6.2.19=compileClasspath,jmhCompileClasspath,jmhRuntimeClasspath,productionRuntimeClasspath,runtimeClasspath,testCompileClasspath,testRuntimeClasspath
org.springframework:spring-beans:6.2.19=compileClasspath,jmhCompileClasspath,jmhRuntimeClasspath,productionRuntimeClasspath,runtimeClasspath,testCompileClasspath,testRuntimeClasspath
org.springframework:spring-context-support:6.2.19=compileClasspath,jmhCompileClasspath,jmhRuntimeClasspath,productionRuntimeClasspath,runtimeClasspath,testCompileClasspath,testRuntimeClasspath
org.springframework:spring-context:6.2.19=compileClasspath,jmhCompileClasspath,jmhRuntimeClasspath,productionRuntimeClasspath,runtimeClasspath,testCompileClasspath,testRuntimeClasspath
org.springframework:spring-core:6.2.19=compileClasspath,jmhCompileClasspath,jmhRuntimeClasspath,productionRuntimeClasspath,runtimeClasspath,testCompileClasspath,testRuntimeClasspath
org.springframework:spring-expression:6.2.19=compileClasspath,jmhCompileClasspath,jmhRuntimeClasspath,productionRuntimeClasspath,runtimeClasspath,testCompileClasspath,testRuntimeClasspath
org.springframework:spring-jcl:6.2.19=compileClasspath,jmhCompileClasspath,jmhRuntimeClasspath,productionRuntimeClasspath,runtimeClasspath,testCompileClasspath,testRuntimeClasspath
org.springframework:spring-jdbc:6.2.19=compileClasspath,jmhCompileClasspath,jmhRuntimeClasspath,productionRuntimeClasspath,runtimeClasspath,testCompileClasspath,testRuntimeClasspath
org.springframework:spring-test:6.2.19=testCompileClasspath,testRuntimeClasspath
org.springframework:spring-tx:6.2.19=compileClasspath,jmhCompileClasspath,jmhRuntimeClasspath,productionRuntimeClasspath,runtimeClasspath,testCompileClasspath,testRuntimeClasspath
org.springframework:spring-web:6.2.19=compileClasspath,jmhCompileClasspath,jmhRuntimeClasspath,productionRuntimeClasspath,runtimeClasspath,testCompileClasspath,testRuntimeClasspath
org.springframework:spring-webmvc:6.2.19=compileClasspath,jmhCompileClasspath,jmhRuntimeClasspath,productionRuntimeClasspath,runtimeClasspath,testCompileClasspath,testRuntimeClasspath
org.testcontainers:clickhouse:1.20.6=testCompileClasspath,testRuntimeClasspath
org.testcontainers:database-commons:1.21.4=testCompileClasspath,testRuntimeClasspath
org.testcontainers:jdbc:1.21.4=testCompileClasspath,testRuntimeClasspath
org.testcontainers:junit-jupiter:1.20.6=testCompileClasspath,testRuntimeClasspath
org.testcontainers:minio:1.20.6=testCompileClasspath,testRuntimeClasspath
org.testcontainers:testcontainers:1.21.4=testCompileClasspath,testRuntimeClasspath
org.webjars:swagger-ui:5.18.2=compileClasspath,jmhCompileClasspath,jmhRuntimeClasspath,productionRuntimeClasspath,runtimeClasspath,testCompileClasspath,testRuntimeClasspath
org.webjars:webjars-locator-lite:1.1.3=compileClasspath,jmhCompileClasspath,jmhRuntimeClasspath,productionRuntimeClasspath,runtimeClasspath,testCompileClasspath,testRuntimeClasspath
org.xerial:sqlite-jdbc:3.49.1.0=jmhRuntimeClasspath,productionRuntimeClasspath,runtimeClasspath,testRuntimeClasspath
org.xmlresolver:xmlresolver:5.2.2=spotbugs
org.xmlunit:xmlunit-core:2.10.4=testCompileClasspath,testRuntimeClasspath
org.yaml:snakeyaml:2.4=compileClasspath,jmhCompileClasspath,jmhRuntimeClasspath,productionRuntimeClasspath,runtimeClasspath,testCompileClasspath,testRuntimeClasspath
software.amazon.awssdk:annotations:2.30.20=compileClasspath,jmhCompileClasspath,jmhRuntimeClasspath,productionRuntimeClasspath,runtimeClasspath,testCompileClasspath,testRuntimeClasspath
software.amazon.awssdk:apache-client:2.30.20=compileClasspath,jmhCompileClasspath,jmhRuntimeClasspath,productionRuntimeClasspath,runtimeClasspath,testCompileClasspath,testRuntimeClasspath
software.amazon.awssdk:arns:2.30.20=compileClasspath,jmhCompileClasspath,jmhRuntimeClasspath,productionRuntimeClasspath,runtimeClasspath,testCompileClasspath,testRuntimeClasspath
software.amazon.awssdk:auth:2.30.20=compileClasspath,jmhCompileClasspath,jmhRuntimeClasspath,productionRuntimeClasspath,runtimeClasspath,testCompileClasspath,testRuntimeClasspath
software.amazon.awssdk:aws-core:2.30.20=compileClasspath,jmhCompileClasspath,jmhRuntimeClasspath,productionRuntimeClasspath,runtimeClasspath,testCompileClasspath,testRuntimeClasspath
software.amazon.awssdk:aws-query-protocol:2.30.20=compileClasspath,jmhCompileClasspath,jmhRuntimeClasspath,productionRuntimeClasspath,runtimeClasspath,testCompileClasspath,testRuntimeClasspath
software.amazon.awssdk:aws-xml-protocol:2.30.20=compileClasspath,jmhCompileClasspath,jmhRuntimeClasspath,productionRuntimeClasspath,runtimeClasspath,testCompileClasspath,testRuntimeClasspath
software.amazon.awssdk:bom:2.30.20=compileClasspath,jmhCompileClasspath,jmhRuntimeClasspath,productionRuntimeClasspath,runtimeClasspath,testCompileClasspath,testRuntimeClasspath
software.amazon.awssdk:checksums-spi:2.30.20=compileClasspath,jmhCompileClasspath,jmhRuntimeClasspath,productionRuntimeClasspath,runtimeClasspath,testCompileClasspath,testRuntimeClasspath
software.amazon.awssdk:checksums:2.30.20=compileClasspath,jmhCompileClasspath,jmhRuntimeClasspath,productionRuntimeClasspath,runtimeClasspath,testCompileClasspath,testRuntimeClasspath
software.amazon.awssdk:crt-core:2.30.20=compileClasspath,jmhCompileClasspath,jmhRuntimeClasspath,productionRuntimeClasspath,runtimeClasspath,testCompileClasspath,testRuntimeClasspath
software.amazon.awssdk:endpoints-spi:2.30.20=compileClasspath,jmhCompileClasspath,jmhRuntimeClasspath,productionRuntimeClasspath,runtimeClasspath,testCompileClasspath,testRuntimeClasspath
software.amazon.awssdk:http-auth-aws-eventstream:2.30.20=compileClasspath,jmhCompileClasspath,jmhRuntimeClasspath,productionRuntimeClasspath,runtimeClasspath,testCompileClasspath,testRuntimeClasspath
software.amazon.awssdk:http-auth-aws:2.30.20=compileClasspath,jmhCompileClasspath,jmhRuntimeClasspath,productionRuntimeClasspath,runtimeClasspath,testCompileClasspath,testRuntimeClasspath
software.amazon.awssdk:http-auth-spi:2.30.20=compileClasspath,jmhCompileClasspath,jmhRuntimeClasspath,productionRuntimeClasspath,runtimeClasspath,testCompileClasspath,testRuntimeClasspath
software.amazon.awssdk:http-auth:2.30.20=compileClasspath,jmhCompileClasspath,jmhRuntimeClasspath,productionRuntimeClasspath,runtimeClasspath,testCompileClasspath,testRuntimeClasspath
software.amazon.awssdk:http-client-spi:2.30.20=compileClasspath,jmhCompileClasspath,jmhRuntimeClasspath,productionRuntimeClasspath,runtimeClasspath,testCompileClasspath,testRuntimeClasspath
software.amazon.awssdk:identity-spi:2.30.20=compileClasspath,jmhCompileClasspath,jmhRuntimeClasspath,productionRuntimeClasspath,runtimeClasspath,testCompileClasspath,testRuntimeClasspath
software.amazon.awssdk:json-utils:2.30.20=compileClasspath,jmhCompileClasspath,jmhRuntimeClasspath,productionRuntimeClasspath,runtimeClasspath,testCompileClasspath,testRuntimeClasspath
software.amazon.awssdk:metrics-spi:2.30.20=compileClasspath,jmhCompileClasspath,jmhRuntimeClasspath,productionRuntimeClasspath,runtimeClasspath,testCompileClasspath,testRuntimeClasspath
software.amazon.awssdk:netty-nio-client:2.30.20=jmhRuntimeClasspath,productionRuntimeClasspath,runtimeClasspath,testRuntimeClasspath
software.amazon.awssdk:profiles:2.30.20=compileClasspath,jmhCompileClasspath,jmhRuntimeClasspath,productionRuntimeClasspath,runtimeClasspath,testCompileClasspath,testRuntimeClasspath
software.amazon.awssdk:protocol-core:2.30.20=compileClasspath,jmhCompileClasspath,jmhRuntimeClasspath,productionRuntimeClasspath,runtimeClasspath,testCompileClasspath,testRuntimeClasspath
software.amazon.awssdk:regions:2.30.20=compileClasspath,jmhCompileClasspath,jmhRuntimeClasspath,productionRuntimeClasspath,runtimeClasspath,testCompileClasspath,testRuntimeClasspath
software.amazon.awssdk:retries-spi:2.30.20=compileClasspath,jmhCompileClasspath,jmhRuntimeClasspath,productionRuntimeClasspath,runtimeClasspath,testCompileClasspath,testRuntimeClasspath
software.amazon.awssdk:retries:2.30.20=compileClasspath,jmhCompileClasspath,jmhRuntimeClasspath,productionRuntimeClasspath,runtimeClasspath,testCompileClasspath,testRuntimeClasspath
software.amazon.awssdk:s3:2.30.20=compileClasspath,jmhCompileClasspath,jmhRuntimeClasspath,productionRuntimeClasspath,runtimeClasspath,testCompileClasspath,testRuntimeClasspath
software.amazon.awssdk:sdk-core:2.30.20=compileClasspath,jmhCompileClasspath,jmhRuntimeClasspath,productionRuntimeClasspath,runtimeClasspath,testCompileClasspath,testRuntimeClasspath
software.amazon.awssdk:third-party-jackson-core:2.30.20=compileClasspath,jmhCompileClasspath,jmhRuntimeClasspath,productionRuntimeClasspath,runtimeClasspath,testCompileClasspath,testRuntimeClasspath
software.amazon.awssdk:utils:2.30.20=compileClasspath,jmhCompileClasspath,jmhRuntimeClasspath,productionRuntimeClasspath,runtimeClasspath,testCompileClasspath,testRuntimeClasspath
software.amazon.eventstream:eventstream:1.0.1=compileClasspath,jmhCompileClasspath,jmhRuntimeClasspath,productionRuntimeClasspath,runtimeClasspath,testCompileClasspath,testRuntimeClasspath
empty=developmentOnly,spotbugsPlugins,testAndDevelopmentOnly
